Microsoft Visual Studio Solution File, Format Version 11.00
# Visual Studio 2008

Project("{81DD73A1-894A-FD18-054B-0FE6421ED54B}") = "testcard", "Assembly-CSharp.csproj", "{023DB47F-FD93-DE80-7EED-9CE2BD7B6BE6}"
EndProject
Project("{81DD73A1-894A-FD18-054B-0FE6421ED54B}") = "testcard", "Assembly-CSharp-Editor.csproj", "{04CAEE85-3249-4C5F-E5CF-8809B9B75CDD}"
EndProject
Global
	GlobalSection(SolutionConfigurationPlatforms) = preSolution
		Debug|Any CPU = Debug|Any CPU
		Release|Any CPU = Release|Any CPU
	EndGlobalSection
	GlobalSection(ProjectConfigurationPlatforms) = postSolution
		{023DB47F-FD93-DE80-7EED-9CE2BD7B6BE6}.Debug|Any CPU.ActiveCfg = Debug|Any CPU
		{023DB47F-FD93-DE80-7EED-9CE2BD7B6BE6}.Debug|Any CPU.Build.0 = Debug|Any CPU
		{023DB47F-FD93-DE80-7EED-9CE2BD7B6BE6}.Release|Any CPU.ActiveCfg = Release|Any CPU
		{023DB47F-FD93-DE80-7EED-9CE2BD7B6BE6}.Release|Any CPU.Build.0 = Release|Any CPU
		{04CAEE85-3249-4C5F-E5CF-8809B9B75CDD}.Debug|Any CPU.ActiveCfg = Debug|Any CPU
		{04CAEE85-3249-4C5F-E5CF-8809B9B75CDD}.Debug|Any CPU.Build.0 = Debug|Any CPU
		{04CAEE85-3249-4C5F-E5CF-8809B9B75CDD}.Release|Any CPU.ActiveCfg = Release|Any CPU
		{04CAEE85-3249-4C5F-E5CF-8809B9B75CDD}.Release|Any CPU.Build.0 = Release|Any CPU
	EndGlobalSection
	GlobalSection(SolutionProperties) = preSolution
		HideSolutionNode = FALSE
	EndGlobalSection
	GlobalSection(MonoDevelopProperties) = preSolution
		StartupItem = Assembly-CSharp.csproj
	EndGlobalSection
EndGlobal
